
Microsoft Visual Studio Solution File, Format Version 12.00
# Visual Studio Version 16
VisualStudioVersion = 16.0.29326.143
MinimumVisualStudioVersion = 10.0.40219.1
Project("{8BC9CEB8-8B4A-11D0-8D11-00A0C91BC942}") = "methodassignment1", "methodassignment1.vcxproj", "{FA0BDE53-4B61-42DC-83CF-D8C9EA177B98}"
EndProject
Global
	GlobalSection(SolutionConfigurationPlatforms) = preSolution
		Debug|x64 = Debug|x64
		Debug|x86 = Debug|x86
		Release|x64 = Release|x64
		Release|x86 = Release|x86
	EndGlobalSection
	GlobalSection(ProjectConfigurationPlatforms) = postSolution
		{FA0BDE53-4B61-42DC-83CF-D8C9EA177B98}.Debug|x64.ActiveCfg = Debug|x64
		{FA0BDE53-4B61-42DC-83CF-D8C9EA177B98}.Debug|x64.Build.0 = Debug|x64
		{FA0BDE53-4B61-42DC-83CF-D8C9EA177B98}.Debug|x86.ActiveCfg = Debug|Win32
		{FA0BDE53-4B61-42DC-83CF-D8C9EA177B98}.Debug|x86.Build.0 = Debug|Win32
		{FA0BDE53-4B61-42DC-83CF-D8C9EA177B98}.Release|x64.ActiveCfg = Release|x64
		{FA0BDE53-4B61-42DC-83CF-D8C9EA177B98}.Release|x64.Build.0 = Release|x64
		{FA0BDE53-4B61-42DC-83CF-D8C9EA177B98}.Release|x86.ActiveCfg = Release|Win32
		{FA0BDE53-4B61-42DC-83CF-D8C9EA177B98}.Release|x86.Build.0 = Release|Win32
	EndGlobalSection
	GlobalSection(SolutionProperties) = preSolution
		HideSolutionNode = FALSE
	EndGlobalSection
	GlobalSection(ExtensibilityGlobals) = postSolution
		SolutionGuid = {7F3C1BC1-848C-4A6F-A4FB-E21E2979D8AC}
	EndGlobalSection
EndGlobal
